
Microsoft Visual Studio Solution File, Format Version 12.00
# Visual Studio Version 17
VisualStudioVersion = 17.2.32516.85
MinimumVisualStudioVersion = 10.0.40219.1
Project("{FAE04EC0-301F-11D3-BF4B-00C04F79EFBC}") = "PinServer", "PinServer\PinServer.csproj", "{1F0EAB28-1CBA-4405-B815-5E2A639B4572}"
EndProject
Global
	GlobalSection(SolutionConfigurationPlatforms) = preSolution
		Debug|Any CPU = Debug|Any CPU
		Release|Any CPU = Release|Any CPU
	EndGlobalSection
	GlobalSection(ProjectConfigurationPlatforms) = postSolution
		{1F0EAB28-1CBA-4405-B815-5E2A639B4572}.Debug|Any CPU.ActiveCfg = Debug|Any CPU
		{1F0EAB28-1CBA-4405-B815-5E2A639B4572}.Debug|Any CPU.Build.0 = Debug|Any CPU
		{1F0EAB28-1CBA-4405-B815-5E2A639B4572}.Release|Any CPU.ActiveCfg = Release|Any CPU
		{1F0EAB28-1CBA-4405-B815-5E2A639B4572}.Release|Any CPU.Build.0 = Release|Any CPU
	EndGlobalSection
	GlobalSection(SolutionProperties) = preSolution
		HideSolutionNode = FALSE
	EndGlobalSection
	GlobalSection(ExtensibilityGlobals) = postSolution
		SolutionGuid = {E6081789-A90F-4838-A6FF-B6CFD85B9A50}
	EndGlobalSection
EndGlobal
